lockfileVersion: 5.3

specifiers:
  '@lacuna/geohash-compress': file:../../.
  '@turf/turf': ^5.1.6
  geohash-poly: ^0.6.0
  ngeohash: ^0.6.3

dependencies:
  '@lacuna/geohash-compress': link:../..
  '@turf/turf': 5.1.6
  geohash-poly: 0.6.0
  ngeohash: 0.6.3

packages:

  /@turf/along/5.1.5:
    resolution: {integrity: sha1-YdbmplhKzdq1asVYTge/jL5fi+s=}
    dependencies:
      '@turf/bearing': 5.1.5
      '@turf/destination': 5.1.5
      '@turf/distance': 5.1.5
      '@turf/helpers': 5.1.5
    dev: false

  /@turf/area/5.1.5:
    resolution: {integrity: sha1-79iZv9Jgzb0VQbKjwVX4pdLu+h0=}
    dependencies:
      '@turf/helpers': 5.1.5
      '@turf/meta': 5.1.6
    dev: false

  /@turf/bbox-clip/5.1.5:
    resolution: {integrity: sha1-M2S1Mo3/nzz0HZ4C7a/zdNFQzIQ=}
    dependencies:
      '@turf/helpers': 5.1.5
      '@turf/invariant': 5.1.5
      lineclip: 1.1.5
    dev: false

  /@turf/bbox-polygon/5.1.5:
    resolution: {integrity: sha1-auuk7VHYXSluD3w4uIwznwHu4CQ=}
    dependencies:
      '@turf/helpers': 5.1.5
    dev: false

  /@turf/bbox/5.1.5:
    resolution: {integrity: sha1-MFHfUUrUxQ9KT5uKLRX9i2hA7aM=}
    dependencies:
      '@turf/helpers': 5.1.5
      '@turf/meta': 5.1.6
    dev: false

  /@turf/bearing/5.1.5:
    resolution: {integrity: sha1-egt5ATbE70eX8CRjBdRcvi0ns/c=}
    dependencies:
      '@turf/helpers': 5.1.5
      '@turf/invariant': 5.1.5
    dev: false

  /@turf/bearing/6.3.0:
    resolution: {integrity: sha512-apuUm9xN6VQLO33m7F2mmzlm3dHfeesJjMSzh9iehGtgmp1IaVndjdcIvs0ieiwm8bN9UhwXpfPtO3pV0n9SFw==}
    dependencies:
      '@turf/helpers': 6.3.0
      '@turf/invariant': 6.3.0
    dev: false

  /@turf/bezier-spline/5.1.5:
    resolution: {integrity: sha1-WaJ7ul17l+8Vqz/VpA+9I4cEm8o=}
    dependencies:
      '@turf/helpers': 5.1.5
      '@turf/invariant': 5.1.5
    dev: false

  /@turf/boolean-clockwise/5.1.5:
    resolution: {integrity: sha1-MwK32sYsXikaB4nimvcoM4f6nes=}
    dependencies:
      '@turf/helpers': 5.1.5
      '@turf/invariant': 5.1.5
    dev: false

  /@turf/boolean-contains/5.1.5:
    resolution: {integrity: sha1-WW1jruY2961T7pn5/yTJaZSg7xQ=}
    dependencies:
      '@turf/bbox': 5.1.5
      '@turf/boolean-point-in-polygon': 5.1.5
      '@turf/boolean-point-on-line': 5.1.5
      '@turf/helpers': 5.1.5
      '@turf/invariant': 5.1.5
    dev: false

  /@turf/boolean-crosses/5.1.5:
    resolution: {integrity: sha1-Ab+uollvFk3kpNMlCU3HwlXHFdY=}
    dependencies:
      '@turf/boolean-point-in-polygon': 5.1.5
      '@turf/helpers': 5.1.5
      '@turf/invariant': 5.1.5
      '@turf/line-intersect': 5.1.5
      '@turf/polygon-to-line': 5.1.5
    dev: false

  /@turf/boolean-disjoint/5.1.6:
    resolution: {integrity: sha512-KHvUS6SBNYHBCLIJEJrg04pF5Oy+Fqn8V5G9U+9pti5vI9tyX7Ln2g7RSB7iJ1Cxsz8QAi6OukhXjEF2/8ZpGg==}
    dependencies:
      '@turf/boolean-point-in-polygon': 5.1.5
      '@turf/helpers': 5.1.5
      '@turf/line-intersect': 5.1.5
      '@turf/meta': 5.1.6
      '@turf/polygon-to-line': 5.1.5
    dev: false

  /@turf/boolean-equal/5.1.5:
    resolution: {integrity: sha1-Kfj21gu4RQff12WzIlTbjnLJOKQ=}
    dependencies:
      '@turf/clean-coords': 5.1.5
      '@turf/helpers': 5.1.5
      '@turf/invariant': 5.1.5
      geojson-equality: 0.1.6
    dev: false

  /@turf/boolean-overlap/5.1.5:
    resolution: {integrity: sha1-DU5kxSx3CijpPZ7834qLg3OsznU=}
    dependencies:
      '@turf/helpers': 5.1.5
      '@turf/invariant': 5.1.5
      '@turf/line-intersect': 5.1.5
      '@turf/line-overlap': 5.1.5
      '@turf/meta': 5.1.6
      geojson-equality: 0.1.6
    dev: false

  /@turf/boolean-parallel/5.1.5:
    resolution: {integrity: sha1-c5NYR16ltlx+GCejw+DopofTqF0=}
    dependencies:
      '@turf/clean-coords': 5.1.5
      '@turf/helpers': 5.1.5
      '@turf/line-segment': 5.1.5
      '@turf/rhumb-bearing': 5.1.5
    dev: false

  /@turf/boolean-point-in-polygon/5.1.5:
    resolution: {integrity: sha1-8BzBlNHgMKVIv9qYHLpDz9YpQbc=}
    dependencies:
      '@turf/helpers': 5.1.5
      '@turf/invariant': 5.1.5
    dev: false

  /@turf/boolean-point-on-line/5.1.5:
    resolution: {integrity: sha1-9jPF/4Aq0ku48Vja269v9KAj3Xs=}
    dependencies:
      '@turf/helpers': 5.1.5
      '@turf/invariant': 5.1.5
    dev: false

  /@turf/boolean-within/5.1.5:
    resolution: {integrity: sha1-RxBdVtB1Kp0Pv81Dw2pfkUnchpc=}
    dependencies:
      '@turf/bbox': 5.1.5
      '@turf/boolean-point-in-polygon': 5.1.5
      '@turf/boolean-point-on-line': 5.1.5
      '@turf/helpers': 5.1.5
      '@turf/invariant': 5.1.5
    dev: false

  /@turf/buffer/5.1.5:
    resolution: {integrity: sha1-hByWJ8+5dLEirE4alW8EZrwCMcQ=}
    dependencies:
      '@turf/bbox': 5.1.5
      '@turf/center': 5.1.5
      '@turf/helpers': 5.1.5
      '@turf/meta': 5.1.6
      '@turf/projection': 5.1.5
      d3-geo: 1.7.1
      turf-jsts: 1.2.3
    dev: false

  /@turf/center-mean/5.1.5:
    resolution: {integrity: sha1-jI6YdTkeXwnw5uePXWYbiLIQigo=}
    dependencies:
      '@turf/bbox': 5.1.5
      '@turf/helpers': 5.1.5
      '@turf/meta': 5.1.6
    dev: false

  /@turf/center-median/5.1.5:
    resolution: {integrity: sha1-u0Yb/noqSGAdikcnaFcYcjoUqHI=}
    dependencies:
      '@turf/center-mean': 5.1.5
      '@turf/centroid': 5.1.5
      '@turf/distance': 5.1.5
      '@turf/helpers': 5.1.5
      '@turf/meta': 5.1.6
    dev: false

  /@turf/center-of-mass/5.1.5:
    resolution: {integrity: sha1-TTvXnYhJjbq4Mk1PafAyL2Uguco=}
    dependencies:
      '@turf/centroid': 5.1.5
      '@turf/convex': 5.1.5
      '@turf/helpers': 5.1.5
      '@turf/invariant': 5.1.5
      '@turf/meta': 5.1.6
    dev: false

  /@turf/center/5.1.5:
    resolution: {integrity: sha1-RKss2VT2PA03dX9xWKmcPvURS4A=}
    dependencies:
      '@turf/bbox': 5.1.5
      '@turf/helpers': 5.1.5
    dev: false

  /@turf/centroid/5.1.5:
    resolution: {integrity: sha1-d4radCFjNQIa2P0OemWoNJ1Tx2k=}
    dependencies:
      '@turf/helpers': 5.1.5
      '@turf/meta': 5.1.6
    dev: false

  /@turf/circle/5.1.5:
    resolution: {integrity: sha1-mxV3g1UIq1L7HBCypQZcuiuHtqU=}
    dependencies:
      '@turf/destination': 5.1.5
      '@turf/helpers': 5.1.5
    dev: false

  /@turf/clean-coords/5.1.5:
    resolution: {integrity: sha1-EoAKmKeMmkUqcuxChJPEOs8q2h8=}
    dependencies:
      '@turf/helpers': 5.1.5
      '@turf/invariant': 5.1.5
    dev: false

  /@turf/clone/5.1.5:
    resolution: {integrity: sha1-JT6NNUdxgZduM636tQoPAqfw42c=}
    dependencies:
      '@turf/helpers': 5.1.5
    dev: false

  /@turf/clone/6.3.0:
    resolution: {integrity: sha512-GAgN89/9GCqUKECB1oY2hcTs0K2rZj+a2tY6VfM0ef9wwckuQZCKi+kKGUzhKVrmHee15jKV8n6DY0er8OndKg==}
    dependencies:
      '@turf/helpers': 6.3.0
    dev: false

  /@turf/clusters-dbscan/5.1.5:
    resolution: {integrity: sha1-V4H7TmVsdHoLjpk333MYHAMJ4m8=}
    dependencies:
      '@turf/clone': 5.1.5
      '@turf/distance': 5.1.5
      '@turf/helpers': 5.1.5
      '@turf/invariant': 5.1.5
      '@turf/meta': 5.1.6
      density-clustering: 1.3.0
    dev: false

  /@turf/clusters-kmeans/5.1.5:
    resolution: {integrity: sha1-/W3+qLEzuovcI3CsPKzuFYejAvE=}
    dependencies:
      '@turf/clone': 5.1.5
      '@turf/helpers': 5.1.5
      '@turf/invariant': 5.1.5
      '@turf/meta': 5.1.6
      skmeans: 0.9.7
    dev: false

  /@turf/clusters/5.1.5:
    resolution: {integrity: sha1-ZzpeXxsZycq6vFfJCO6t1oIiTdQ=}
    dependencies:
      '@turf/helpers': 5.1.5
      '@turf/meta': 5.1.6
    dev: false

  /@turf/collect/5.1.5:
    resolution: {integrity: sha1-/pjJqMIY7PJP/DPXApUXt8GbKj4=}
    dependencies:
      '@turf/bbox': 5.1.5
      '@turf/boolean-point-in-polygon': 5.1.5
      '@turf/helpers': 5.1.5
      rbush: 2.0.2
    dev: false

  /@turf/combine/5.1.5:
    resolution: {integrity: sha1-uxS976VVBDVxlfwaEkzX1TqMiQU=}
    dependencies:
      '@turf/helpers': 5.1.5
      '@turf/meta': 5.1.6
    dev: false

  /@turf/concave/5.1.5:
    resolution: {integrity: sha1-I7uqw4fQNLlldKG9cNBZI3qdIRA=}
    dependencies:
      '@turf/clone': 5.1.5
      '@turf/distance': 5.1.5
      '@turf/helpers': 5.1.5
      '@turf/invariant': 5.1.5
      '@turf/meta': 5.1.6
      '@turf/tin': 5.1.5
      topojson-client: 3.1.0
      topojson-server: 3.0.1
    dev: false

  /@turf/convex/5.1.5:
    resolution: {integrity: sha1-Dfk3fdACIWzpghsH9wXgN9rj4B0=}
    dependencies:
      '@turf/helpers': 5.1.5
      '@turf/meta': 5.1.6
      concaveman: 1.2.0
    dev: false

  /@turf/destination/5.1.5:
    resolution: {integrity: sha1-7TU4G9zoO73cvQei4rzivd/7zCY=}
    dependencies:
      '@turf/helpers': 5.1.5
      '@turf/invariant': 5.1.5
    dev: false

  /@turf/difference/5.1.5:
    resolution: {integrity: sha1-ok1pCnvKgD8QkKnuO52Qb8Q3H0I=}
    dependencies:
      '@turf/area': 5.1.5
      '@turf/helpers': 5.1.5
      '@turf/invariant': 5.1.5
      '@turf/meta': 5.1.6
      turf-jsts: 1.2.3
    dev: false

  /@turf/dissolve/5.1.5:
    resolution: {integrity: sha1-LPEzqQIdIWODHD16lY1lB/nYGTg=}
    dependencies:
      '@turf/boolean-overlap': 5.1.5
      '@turf/clone': 5.1.5
      '@turf/helpers': 5.1.5
      '@turf/invariant': 5.1.5
      '@turf/line-intersect': 5.1.5
      '@turf/meta': 5.1.6
      '@turf/union': 5.1.5
      geojson-rbush: 2.1.0
      get-closest: 0.0.4
    dev: false

  /@turf/distance/5.1.5:
    resolution: {integrity: sha1-Oc8YIEu/h1h9cH5gmmARiQkVZAk=}
    dependencies:
      '@turf/helpers': 5.1.5
      '@turf/invariant': 5.1.5
    dev: false

  /@turf/distance/6.3.0:
    resolution: {integrity: sha512-basi24ssNFnH3iXPFjp/aNUrukjObiFWoIyDRqKyBJxVwVOwAWvfk4d38QQyBj5nDo5IahYRq/Q+T47/5hSs9w==}
    dependencies:
      '@turf/helpers': 6.3.0
      '@turf/invariant': 6.3.0
    dev: false

  /@turf/ellipse/5.1.5:
    resolution: {integrity: sha1-1XyrhTmFkgzeYCKKeNgEWAJcVL4=}
    dependencies:
      '@turf/helpers': 5.1.5
      '@turf/invariant': 5.1.5
      '@turf/rhumb-destination': 5.1.5
      '@turf/transform-rotate': 5.1.5
    dev: false

  /@turf/envelope/5.1.5:
    resolution: {integrity: sha1-UBMwnFP91D369LWIplw/7X28EIo=}
    dependencies:
      '@turf/bbox': 5.1.5
      '@turf/bbox-polygon': 5.1.5
      '@turf/helpers': 5.1.5
    dev: false

  /@turf/explode/5.1.5:
    resolution: {integrity: sha1-sSsvd0AEobSPYrqVsgocZVo94Rg=}
    dependencies:
      '@turf/helpers': 5.1.5
      '@turf/meta': 5.1.6
    dev: false

  /@turf/flatten/5.1.5:
    resolution: {integrity: sha1-2iknBnEz7WFpsLnWB7khVoiqE1g=}
    dependencies:
      '@turf/helpers': 5.1.5
      '@turf/meta': 5.1.6
    dev: false

  /@turf/flip/5.1.5:
    resolution: {integrity: sha1-Q29kOnIvDKU7n85jjkaT2zYIpoo=}
    dependencies:
      '@turf/clone': 5.1.5
      '@turf/helpers': 5.1.5
      '@turf/meta': 5.1.6
    dev: false

  /@turf/great-circle/5.1.5:
    resolution: {integrity: sha1-3r+2cc5HVQnLY3MBwV/PzPo1mpM=}
    dependencies:
      '@turf/helpers': 5.1.5
      '@turf/invariant': 5.1.5
    dev: false

  /@turf/helpers/5.1.5:
    resolution: {integrity: sha1-FTQFInq5M9AEpbuWQantmZ/L4M8=}
    dev: false

  /@turf/helpers/6.3.0:
    resolution: {integrity: sha512-kr6KuD4Z0GZ30tblTEvi90rvvVNlKieXuMC8CTzE/rVQb0/f/Cb29zCXxTD7giQTEQY/P2nRW23wEqqyNHulCg==}
    dev: false

  /@turf/hex-grid/5.1.5:
    resolution: {integrity: sha1-m3ul/s9QUfHoWJL3E/zlxVBQKmo=}
    dependencies:
      '@turf/distance': 5.1.5
      '@turf/helpers': 5.1.5
      '@turf/intersect': 5.1.6
      '@turf/invariant': 5.1.5
    dev: false

  /@turf/interpolate/5.1.5:
    resolution: {integrity: sha1-DxLwq3VtbdEK+ykMpuh3ve8BPqo=}
    dependencies:
      '@turf/bbox': 5.1.5
      '@turf/centroid': 5.1.5
      '@turf/clone': 5.1.5
      '@turf/distance': 5.1.5
      '@turf/helpers': 5.1.5
      '@turf/hex-grid': 5.1.5
      '@turf/invariant': 5.1.5
      '@turf/meta': 5.1.6
      '@turf/point-grid': 5.1.5
      '@turf/square-grid': 5.1.5
      '@turf/triangle-grid': 5.1.5
    dev: false

  /@turf/intersect/5.1.6:
    resolution: {integrity: sha512-KXyNv/GXdoGAOy03qZF53rgtXC2tNhF/4jLwTKiVRrBQH6kcEpipGStdJ+QkYIlarQPa8f7I9UlVAB19et4MfQ==}
    dependencies:
      '@turf/clean-coords': 5.1.5
      '@turf/helpers': 5.1.5
      '@turf/invariant': 5.1.5
      '@turf/truncate': 5.1.5
      turf-jsts: 1.2.3
    dev: false

  /@turf/invariant/5.1.5:
    resolution: {integrity: sha1-9Z9P76CSJLFdzhZR+QPIaNV6JOE=}
    dependencies:
      '@turf/helpers': 5.1.5
    dev: false

  /@turf/invariant/6.3.0:
    resolution: {integrity: sha512-2OFOi9p+QOrcIMySEnr+WlOiKaFZ1bY56jA98YyECewJHfhPFWUBZEhc4nWGRT0ahK08Vus9+gcuBX8QIpCIIw==}
    dependencies:
      '@turf/helpers': 6.3.0
    dev: false

  /@turf/isobands/5.1.5:
    resolution: {integrity: sha1-a0TO9YTVUaMTBBh68jtKFYLj8I0=}
    dependencies:
      '@turf/area': 5.1.5
      '@turf/bbox': 5.1.5
      '@turf/boolean-point-in-polygon': 5.1.5
      '@turf/explode': 5.1.5
      '@turf/helpers': 5.1.5
      '@turf/invariant': 5.1.5
      '@turf/meta': 5.1.6
    dev: false

  /@turf/isolines/5.1.5:
    resolution: {integrity: sha1-irTn9Cuz38VGFOW/FVln9+VdLeE=}
    dependencies:
      '@turf/bbox': 5.1.5
      '@turf/helpers': 5.1.5
      '@turf/invariant': 5.1.5
      '@turf/meta': 5.1.6
    dev: false

  /@turf/kinks/5.1.5:
    resolution: {integrity: sha1-irtpYdm7AQchO63fLCwmQNAlaYA=}
    dependencies:
      '@turf/helpers': 5.1.5
    dev: false

  /@turf/length/5.1.5:
    resolution: {integrity: sha1-86X4ZMK5lqi7RxeUU1ofrxLuvvs=}
    dependencies:
      '@turf/distance': 5.1.5
      '@turf/helpers': 5.1.5
      '@turf/meta': 5.1.6
    dev: false

  /@turf/line-arc/5.1.5:
    resolution: {integrity: sha1-AHinRHg1oSrkFKIR+aZNEYYVDhU=}
    dependencies:
      '@turf/circle': 5.1.5
      '@turf/destination': 5.1.5
      '@turf/helpers': 5.1.5
    dev: false

  /@turf/line-chunk/5.1.5:
    resolution: {integrity: sha1-kQqFwFwG2dD5w4l3oF4IGNUIXEI=}
    dependencies:
      '@turf/helpers': 5.1.5
      '@turf/length': 5.1.5
      '@turf/line-slice-along': 5.1.5
      '@turf/meta': 5.1.6
    dev: false

  /@turf/line-intersect/5.1.5:
    resolution: {integrity: sha1-DikHGuQDKV5JFyO8SfXPrI0R3fM=}
    dependencies:
      '@turf/helpers': 5.1.5
      '@turf/invariant': 5.1.5
      '@turf/line-segment': 5.1.5
      '@turf/meta': 5.1.6
      geojson-rbush: 2.1.0
    dev: false

  /@turf/line-offset/5.1.5:
    resolution: {integrity: sha1-KrWy8In4yRPiMdmUN4553KkLWh4=}
    dependencies:
      '@turf/helpers': 5.1.5
      '@turf/invariant': 5.1.5
      '@turf/meta': 5.1.6
    dev: false

  /@turf/line-overlap/5.1.5:
    resolution: {integrity: sha1-lDxvh6A4bcQ9+sEdKz/5wRLNP2A=}
    dependencies:
      '@turf/boolean-point-on-line': 5.1.5
      '@turf/helpers': 5.1.5
      '@turf/invariant': 5.1.5
      '@turf/line-segment': 5.1.5
      '@turf/meta': 5.1.6
      '@turf/nearest-point-on-line': 5.1.5
      geojson-rbush: 2.1.0
    dev: false

  /@turf/line-segment/5.1.5:
    resolution: {integrity: sha1-Mgeq7lRqskw9jcPMY/kcdwuAE+U=}
    dependencies:
      '@turf/helpers': 5.1.5
      '@turf/invariant': 5.1.5
      '@turf/meta': 5.1.6
    dev: false

  /@turf/line-slice-along/5.1.5:
    resolution: {integrity: sha1-7drQoh70efKWihG9LdcomiEy6aU=}
    dependencies:
      '@turf/bearing': 5.1.5
      '@turf/destination': 5.1.5
      '@turf/distance': 5.1.5
      '@turf/helpers': 5.1.5
    dev: false

  /@turf/line-slice/5.1.5:
    resolution: {integrity: sha1-Hs/OFGKjeFeXVM7fRGTN4mgp8rU=}
    dependencies:
      '@turf/helpers': 5.1.5
      '@turf/invariant': 5.1.5
      '@turf/nearest-point-on-line': 5.1.5
    dev: false

  /@turf/line-split/5.1.5:
    resolution: {integrity: sha1-Wy30w3YZty73JbUWPPmSbVVArLc=}
    dependencies:
      '@turf/bbox': 5.1.5
      '@turf/helpers': 5.1.5
      '@turf/invariant': 5.1.5
      '@turf/line-intersect': 5.1.5
      '@turf/line-segment': 5.1.5
      '@turf/meta': 5.1.6
      '@turf/nearest-point-on-line': 5.1.5
      '@turf/square': 5.1.5
      '@turf/truncate': 5.1.5
      geojson-rbush: 2.1.0
    dev: false

  /@turf/line-to-polygon/5.1.5:
    resolution: {integrity: sha1-ITz0Gmj4Ikd4ujnTGH3sPouBhlo=}
    dependencies:
      '@turf/bbox': 5.1.5
      '@turf/helpers': 5.1.5
      '@turf/invariant': 5.1.5
    dev: false

  /@turf/mask/5.1.5:
    resolution: {integrity: sha1-mrD+8aJyyY/j70kvn/thggayQtU=}
    dependencies:
      '@turf/bbox': 5.1.5
      '@turf/helpers': 5.1.5
      '@turf/meta': 5.1.6
      '@turf/union': 5.1.5
      rbush: 2.0.2
    dev: false

  /@turf/meta/5.1.6:
    resolution: {integrity: sha1-wgqGPt7Qhp+yhUje6Ik0G8y0akY=}
    dependencies:
      '@turf/helpers': 5.1.5
    dev: false

  /@turf/meta/6.3.0:
    resolution: {integrity: sha512-qBJjaAJS9H3ap0HlGXyF/Bzfl0qkA9suafX/jnDsZvWMfVLt+s+o6twKrXOGk5t7nnNON2NFRC8+czxpu104EQ==}
    dependencies:
      '@turf/helpers': 6.3.0
    dev: false

  /@turf/midpoint/5.1.5:
    resolution: {integrity: sha1-4mH2srDqgSTM7/VSomLdRlydBfA=}
    dependencies:
      '@turf/bearing': 5.1.5
      '@turf/destination': 5.1.5
      '@turf/distance': 5.1.5
      '@turf/helpers': 5.1.5
    dev: false

  /@turf/nearest-point-on-line/5.1.5:
    resolution: {integrity: sha1-VgauKX8VlHUkvqUaKp71HsG/nDY=}
    dependencies:
      '@turf/bearing': 5.1.5
      '@turf/destination': 5.1.5
      '@turf/distance': 5.1.5
      '@turf/helpers': 5.1.5
      '@turf/invariant': 5.1.5
      '@turf/line-intersect': 5.1.5
      '@turf/meta': 5.1.6
    dev: false

  /@turf/nearest-point-to-line/5.1.6:
    resolution: {integrity: sha512-ZSvDIEiHhifn/vNwLXZI/E8xmEz5yBPqfUR7BVHRZrB1cP7jLhKZvkbidjG//uW8Fr1Ulc+PFOXczLspIcx/lw==}
    dependencies:
      '@turf/helpers': 6.3.0
      '@turf/invariant': 6.3.0
      '@turf/meta': 6.3.0
      '@turf/point-to-line-distance': 5.1.6
      object-assign: 4.1.1
    dev: false

  /@turf/nearest-point/5.1.5:
    resolution: {integrity: sha1-EgUN5Bw5hEMiTHl43g9iE5ANNPs=}
    dependencies:
      '@turf/clone': 5.1.5
      '@turf/distance': 5.1.5
      '@turf/helpers': 5.1.5
      '@turf/meta': 5.1.6
    dev: false

  /@turf/planepoint/5.1.5:
    resolution: {integrity: sha1-GLvfAG91ne9eQsagBsn53oGyt/8=}
    dependencies:
      '@turf/helpers': 5.1.5
      '@turf/invariant': 5.1.5
    dev: false

  /@turf/point-grid/5.1.5:
    resolution: {integrity: sha1-MFFBJI9Quv42zn5mukuX56sjaIc=}
    dependencies:
      '@turf/boolean-within': 5.1.5
      '@turf/distance': 5.1.5
      '@turf/helpers': 5.1.5
      '@turf/invariant': 5.1.5
    dev: false

  /@turf/point-on-feature/5.1.5:
    resolution: {integrity: sha1-MMfwMkMCd8ZBjZbSieRba/shP+c=}
    dependencies:
      '@turf/boolean-point-in-polygon': 5.1.5
      '@turf/center': 5.1.5
      '@turf/explode': 5.1.5
      '@turf/helpers': 5.1.5
      '@turf/nearest-point': 5.1.5
    dev: false

  /@turf/point-to-line-distance/5.1.6:
    resolution: {integrity: sha512-PE3hiTeeDEi4ZLPtI8XAzFYW9nHo1EVsZGm/4ZVV8jo39d3X1oLVHxY3e1PkCmWwRapXy4QLqvnTQ7nU4wspNw==}
    dependencies:
      '@turf/bearing': 6.3.0
      '@turf/distance': 6.3.0
      '@turf/helpers': 6.3.0
      '@turf/invariant': 6.3.0
      '@turf/meta': 6.3.0
      '@turf/projection': 6.3.0
      '@turf/rhumb-bearing': 6.3.0
      '@turf/rhumb-distance': 6.3.0
    dev: false

  /@turf/points-within-polygon/5.1.5:
    resolution: {integrity: sha1-K4VaXfOq2lfC7oIKB1SrlJKKIzc=}
    dependencies:
      '@turf/boolean-point-in-polygon': 5.1.5
      '@turf/helpers': 5.1.5
      '@turf/meta': 5.1.6
    dev: false

  /@turf/polygon-tangents/5.1.5:
    resolution: {integrity: sha1-K/AJkUcwJbF44lDcfLmuVAm71lI=}
    dependencies:
      '@turf/helpers': 5.1.5
      '@turf/invariant': 5.1.5
    dev: false

  /@turf/polygon-to-line/5.1.5:
    resolution: {integrity: sha1-I7tEjYTcTGUZmaxhGjbZHFklA2o=}
    dependencies:
      '@turf/helpers': 5.1.5
      '@turf/invariant': 5.1.5
    dev: false

  /@turf/polygonize/5.1.5:
    resolution: {integrity: sha1-BJP6EYefOdELmtAs5qI+lC0IqjI=}
    dependencies:
      '@turf/boolean-point-in-polygon': 5.1.5
      '@turf/envelope': 5.1.5
      '@turf/helpers': 5.1.5
      '@turf/invariant': 5.1.5
      '@turf/meta': 5.1.6
    dev: false

  /@turf/projection/5.1.5:
    resolution: {integrity: sha1-JFF+7rLzaBa6n3EueubWo2jt91c=}
    dependencies:
      '@turf/clone': 5.1.5
      '@turf/helpers': 5.1.5
      '@turf/meta': 5.1.6
    dev: false

  /@turf/projection/6.3.0:
    resolution: {integrity: sha512-IpSs7Q6G6xi47ynVlYYVegPLy6Jc0yo3/DcIm83jaJa4NnzPFXIFZT0v9Fe1N8MraHZqiqaSPbVnJXCGwR12lg==}
    dependencies:
      '@turf/clone': 6.3.0
      '@turf/helpers': 6.3.0
      '@turf/meta': 6.3.0
    dev: false

  /@turf/random/5.1.5:
    resolution: {integrity: sha1-sy78k0Vgroulfo67UfJBw5+6Lns=}
    dependencies:
      '@turf/helpers': 5.1.5
    dev: false

  /@turf/rewind/5.1.5:
    resolution: {integrity: sha1-nqPbSmi3PB/R3RH1djGxQ8/vock=}
    dependencies:
      '@turf/boolean-clockwise': 5.1.5
      '@turf/clone': 5.1.5
      '@turf/helpers': 5.1.5
      '@turf/invariant': 5.1.5
      '@turf/meta': 5.1.6
    dev: false

  /@turf/rhumb-bearing/5.1.5:
    resolution: {integrity: sha1-rPalAkJ+uMSeGM2mrg7/qwxd3NI=}
    dependencies:
      '@turf/helpers': 5.1.5
      '@turf/invariant': 5.1.5
    dev: false

  /@turf/rhumb-bearing/6.3.0:
    resolution: {integrity: sha512-/c/BE3huEUrwN6gx7Bg2FzfJqeU+TWk/slQPDHpbVunlIPbS6L28brqSVD+KXfMG8HQIzynz6Pm4Y+j5Iv4aWA==}
    dependencies:
      '@turf/helpers': 6.3.0
      '@turf/invariant': 6.3.0
    dev: false

  /@turf/rhumb-destination/5.1.5:
    resolution: {integrity: sha1-sbKuuSFUfyrAwamUtqEw+SRjx0I=}
    dependencies:
      '@turf/helpers': 5.1.5
      '@turf/invariant': 5.1.5
    dev: false

  /@turf/rhumb-distance/5.1.5:
    resolution: {integrity: sha1-GAaFdiX0IlOE2tQT5p85U4/192U=}
    dependencies:
      '@turf/helpers': 5.1.5
      '@turf/invariant': 5.1.5
    dev: false

  /@turf/rhumb-distance/6.3.0:
    resolution: {integrity: sha512-wMIQVvznusonnp/POeucFdA4Rubn0NrkcEMdxdcCgFK7OmTz0zU4CEnNONF2IUGkQ5WwoKiuS7MOTQ8OuCjSfQ==}
    dependencies:
      '@turf/helpers': 6.3.0
      '@turf/invariant': 6.3.0
    dev: false

  /@turf/sample/5.1.5:
    resolution: {integrity: sha1-6ctEikeJzFbuPeLdZ4HiNDQ1tBE=}
    dependencies:
      '@turf/helpers': 5.1.5
    dev: false

  /@turf/sector/5.1.5:
    resolution: {integrity: sha1-rCu5TBPt1gNPb9wrZwCBNdIPXgc=}
    dependencies:
      '@turf/circle': 5.1.5
      '@turf/helpers': 5.1.5
      '@turf/invariant': 5.1.5
      '@turf/line-arc': 5.1.5
      '@turf/meta': 5.1.6
    dev: false

  /@turf/shortest-path/5.1.5:
    resolution: {integrity: sha1-hUroCW9rw+EwD6ynfz6PZ9j5Nas=}
    dependencies:
      '@turf/bbox': 5.1.5
      '@turf/bbox-polygon': 5.1.5
      '@turf/boolean-point-in-polygon': 5.1.5
      '@turf/clean-coords': 5.1.5
      '@turf/distance': 5.1.5
      '@turf/helpers': 5.1.5
      '@turf/invariant': 5.1.5
      '@turf/meta': 5.1.6
      '@turf/transform-scale': 5.1.5
    dev: false

  /@turf/simplify/5.1.5:
    resolution: {integrity: sha1-Csjyei60IYGD7dmZjDJ1q+QIuSY=}
    dependencies:
      '@turf/clean-coords': 5.1.5
      '@turf/clone': 5.1.5
      '@turf/helpers': 5.1.5
      '@turf/meta': 5.1.6
    dev: false

  /@turf/square-grid/5.1.5:
    resolution: {integrity: sha1-G9X3uesU8LYLwjH+/nNR0aMvGlE=}
    dependencies:
      '@turf/boolean-contains': 5.1.5
      '@turf/boolean-overlap': 5.1.5
      '@turf/distance': 5.1.5
      '@turf/helpers': 5.1.5
      '@turf/intersect': 5.1.6
      '@turf/invariant': 5.1.5
    dev: false

  /@turf/square/5.1.5:
    resolution: {integrity: sha1-qnsh5gM8ySUsOlvW89iNq9b+0YA=}
    dependencies:
      '@turf/distance': 5.1.5
      '@turf/helpers': 5.1.5
    dev: false

  /@turf/standard-deviational-ellipse/5.1.5:
    resolution: {integrity: sha1-hc0oO14ayljyG9ZkEuQUtW2FIyQ=}
    dependencies:
      '@turf/center-mean': 5.1.5
      '@turf/ellipse': 5.1.5
      '@turf/helpers': 5.1.5
      '@turf/invariant': 5.1.5
      '@turf/meta': 5.1.6
      '@turf/points-within-polygon': 5.1.5
    dev: false

  /@turf/tag/5.1.5:
    resolution: {integrity: sha1-0e4aUIjs/UoUEQGcmCOczypJfSA=}
    dependencies:
      '@turf/boolean-point-in-polygon': 5.1.5
      '@turf/clone': 5.1.5
      '@turf/helpers': 5.1.5
      '@turf/meta': 5.1.6
    dev: false

  /@turf/tesselate/5.1.5:
    resolution: {integrity: sha1-MqWU6cIaAEIKn5DSxD3z4RZgYc0=}
    dependencies:
      '@turf/helpers': 5.1.5
      earcut: 2.2.2
    dev: false

  /@turf/tin/5.1.5:
    resolution: {integrity: sha1-KCI+r8X76a6azKgc3P6l0UJMkX0=}
    dependencies:
      '@turf/helpers': 5.1.5
    dev: false

  /@turf/transform-rotate/5.1.5:
    resolution: {integrity: sha1-0Jbt2eMA/jFQadVNjkWMQJIh7fs=}
    dependencies:
      '@turf/centroid': 5.1.5
      '@turf/clone': 5.1.5
      '@turf/helpers': 5.1.5
      '@turf/invariant': 5.1.5
      '@turf/meta': 5.1.6
      '@turf/rhumb-bearing': 5.1.5
      '@turf/rhumb-destination': 5.1.5
      '@turf/rhumb-distance': 5.1.5
    dev: false

  /@turf/transform-scale/5.1.5:
    resolution: {integrity: sha1-cP064BhWz3uunxWtVhzf6PiQAbk=}
    dependencies:
      '@turf/bbox': 5.1.5
      '@turf/center': 5.1.5
      '@turf/centroid': 5.1.5
      '@turf/clone': 5.1.5
      '@turf/helpers': 5.1.5
      '@turf/invariant': 5.1.5
      '@turf/meta': 5.1.6
      '@turf/rhumb-bearing': 5.1.5
      '@turf/rhumb-destination': 5.1.5
      '@turf/rhumb-distance': 5.1.5
    dev: false

  /@turf/transform-translate/5.1.5:
    resolution: {integrity: sha1-Uwolf7Hccmja3Ks05nkB6yo97GM=}
    dependencies:
      '@turf/clone': 5.1.5
      '@turf/helpers': 5.1.5
      '@turf/invariant': 5.1.5
      '@turf/meta': 5.1.6
      '@turf/rhumb-destination': 5.1.5
    dev: false

  /@turf/triangle-grid/5.1.5:
    resolution: {integrity: sha1-ezZ2IQhVTBTyjK/zxIsc/ILI3IE=}
    dependencies:
      '@turf/distance': 5.1.5
      '@turf/helpers': 5.1.5
      '@turf/intersect': 5.1.6
      '@turf/invariant': 5.1.5
    dev: false

  /@turf/truncate/5.1.5:
    resolution: {integrity: sha1-nu37Oxi6gfLJjT6tCUMcyhiErYk=}
    dependencies:
      '@turf/helpers': 5.1.5
      '@turf/meta': 5.1.6
    dev: false

  /@turf/turf/5.1.6:
    resolution: {integrity: sha1-wxIlkoh+0jS3VGi4qMRb+Ib7+PY=}
    dependencies:
      '@turf/along': 5.1.5
      '@turf/area': 5.1.5
      '@turf/bbox': 5.1.5
      '@turf/bbox-clip': 5.1.5
      '@turf/bbox-polygon': 5.1.5
      '@turf/bearing': 5.1.5
      '@turf/bezier-spline': 5.1.5
      '@turf/boolean-clockwise': 5.1.5
      '@turf/boolean-contains': 5.1.5
      '@turf/boolean-crosses': 5.1.5
      '@turf/boolean-disjoint': 5.1.6
      '@turf/boolean-equal': 5.1.5
      '@turf/boolean-overlap': 5.1.5
      '@turf/boolean-parallel': 5.1.5
      '@turf/boolean-point-in-polygon': 5.1.5
      '@turf/boolean-point-on-line': 5.1.5
      '@turf/boolean-within': 5.1.5
      '@turf/buffer': 5.1.5
      '@turf/center': 5.1.5
      '@turf/center-mean': 5.1.5
      '@turf/center-median': 5.1.5
      '@turf/center-of-mass': 5.1.5
      '@turf/centroid': 5.1.5
      '@turf/circle': 5.1.5
      '@turf/clean-coords': 5.1.5
      '@turf/clone': 5.1.5
      '@turf/clusters': 5.1.5
      '@turf/clusters-dbscan': 5.1.5
      '@turf/clusters-kmeans': 5.1.5
      '@turf/collect': 5.1.5
      '@turf/combine': 5.1.5
      '@turf/concave': 5.1.5
      '@turf/convex': 5.1.5
      '@turf/destination': 5.1.5
      '@turf/difference': 5.1.5
      '@turf/dissolve': 5.1.5
      '@turf/distance': 5.1.5
      '@turf/ellipse': 5.1.5
      '@turf/envelope': 5.1.5
      '@turf/explode': 5.1.5
      '@turf/flatten': 5.1.5
      '@turf/flip': 5.1.5
      '@turf/great-circle': 5.1.5
      '@turf/helpers': 5.1.5
      '@turf/hex-grid': 5.1.5
      '@turf/interpolate': 5.1.5
      '@turf/intersect': 5.1.6
      '@turf/invariant': 5.1.5
      '@turf/isobands': 5.1.5
      '@turf/isolines': 5.1.5
      '@turf/kinks': 5.1.5
      '@turf/length': 5.1.5
      '@turf/line-arc': 5.1.5
      '@turf/line-chunk': 5.1.5
      '@turf/line-intersect': 5.1.5
      '@turf/line-offset': 5.1.5
      '@turf/line-overlap': 5.1.5
      '@turf/line-segment': 5.1.5
      '@turf/line-slice': 5.1.5
      '@turf/line-slice-along': 5.1.5
      '@turf/line-split': 5.1.5
      '@turf/line-to-polygon': 5.1.5
      '@turf/mask': 5.1.5
      '@turf/meta': 5.1.6
      '@turf/midpoint': 5.1.5
      '@turf/nearest-point': 5.1.5
      '@turf/nearest-point-on-line': 5.1.5
      '@turf/nearest-point-to-line': 5.1.6
      '@turf/planepoint': 5.1.5
      '@turf/point-grid': 5.1.5
      '@turf/point-on-feature': 5.1.5
      '@turf/point-to-line-distance': 5.1.6
      '@turf/points-within-polygon': 5.1.5
      '@turf/polygon-tangents': 5.1.5
      '@turf/polygon-to-line': 5.1.5
      '@turf/polygonize': 5.1.5
      '@turf/projection': 5.1.5
      '@turf/random': 5.1.5
      '@turf/rewind': 5.1.5
      '@turf/rhumb-bearing': 5.1.5
      '@turf/rhumb-destination': 5.1.5
      '@turf/rhumb-distance': 5.1.5
      '@turf/sample': 5.1.5
      '@turf/sector': 5.1.5
      '@turf/shortest-path': 5.1.5
      '@turf/simplify': 5.1.5
      '@turf/square': 5.1.5
      '@turf/square-grid': 5.1.5
      '@turf/standard-deviational-ellipse': 5.1.5
      '@turf/tag': 5.1.5
      '@turf/tesselate': 5.1.5
      '@turf/tin': 5.1.5
      '@turf/transform-rotate': 5.1.5
      '@turf/transform-scale': 5.1.5
      '@turf/transform-translate': 5.1.5
      '@turf/triangle-grid': 5.1.5
      '@turf/truncate': 5.1.5
      '@turf/union': 5.1.5
      '@turf/unkink-polygon': 5.1.5
      '@turf/voronoi': 5.1.5
    dev: false

  /@turf/union/5.1.5:
    resolution: {integrity: sha1-UyhbYJQEf8WNlqrA6pCGXsNNRUs=}
    dependencies:
      '@turf/helpers': 5.1.5
      turf-jsts: 1.2.3
    dev: false

  /@turf/unkink-polygon/5.1.5:
    resolution: {integrity: sha1-ewGEfFD7V0riV54Z5Ey6hSbSE8M=}
    dependencies:
      '@turf/area': 5.1.5
      '@turf/boolean-point-in-polygon': 5.1.5
      '@turf/helpers': 5.1.5
      '@turf/meta': 5.1.6
      rbush: 2.0.2
    dev: false

  /@turf/voronoi/5.1.5:
    resolution: {integrity: sha1-6FbpQG3MLyXWbdyJhYTifC6/ymY=}
    dependencies:
      '@turf/helpers': 5.1.5
      '@turf/invariant': 5.1.5
      d3-voronoi: 1.1.2
    dev: false

  /async/0.2.10:
    resolution: {integrity: sha1-trvgsGdLnXGXCMo43owjfLUmw9E=}
    dev: false

  /call-bind/1.0.2:
    resolution: {integrity: sha512-7O+FbCihrB5WGbFYesctwmTKae6rOiIzmz1icreWJ+0aA7LJfuqhEso2T9ncpcFtzMQtzXf2QGGueWJGTYsqrA==}
    dependencies:
      function-bind: 1.1.1
      get-intrinsic: 1.1.1
    dev: false

  /commander/2.20.3:
    resolution: {integrity: sha512-GpVkmM8vF2vQUkj2LvZmD35JxeJOLCwJ9cUkugyk2nuhbv3+mJvpLYYt+0+USMxE+oj+ey/lJEnhZw75x/OMcQ==}
    dev: false

  /concaveman/1.2.0:
    resolution: {integrity: sha512-OcqechF2/kubbffomKqjGEkb0ndlYhEbmyg/fxIGqdfYp5AZjD2Kl5hc97Hh3ngEuHU2314Z4KDbxL7qXGWrQQ==}
    dependencies:
      point-in-polygon: 1.1.0
      rbush: 3.0.1
      robust-predicates: 2.0.4
      tinyqueue: 2.0.3
    dev: false

  /core-util-is/1.0.2:
    resolution: {integrity: sha1-tf1UIgqivFq1eqtxQMlAdUUDwac=}
    dev: false

  /d3-array/1.2.4:
    resolution: {integrity: sha512-KHW6M86R+FUPYGb3R5XiYjXPq7VzwxZ22buHhAEVG5ztoEcZZMLov530mmccaqA1GghZArjQV46fuc8kUqhhHw==}
    dev: false

  /d3-geo/1.7.1:
    resolution: {integrity: sha512-O4AempWAr+P5qbk2bC2FuN/sDW4z+dN2wDf9QV3bxQt4M5HfOEeXLgJ/UKQW0+o1Dj8BE+L5kiDbdWUMjsmQpw==}
    dependencies:
      d3-array: 1.2.4
    dev: false

  /d3-voronoi/1.1.2:
    resolution: {integrity: sha1-Fodmfo8TotFYyAwUgMWinLDYlzw=}
    dev: false

  /deep-equal/1.1.1:
    resolution: {integrity: sha512-yd9c5AdiqVcR+JjcwUQb9DkhJc8ngNr0MahEBGvDiJw8puWab2yZlh+nkasOnZP+EGTAP6rRp2JzJhJZzvNF8g==}
    dependencies:
      is-arguments: 1.1.0
      is-date-object: 1.0.4
      is-regex: 1.1.3
      object-is: 1.1.5
      object-keys: 1.1.1
      regexp.prototype.flags: 1.3.1
    dev: false

  /deep-extend/0.6.0:
    resolution: {integrity: sha512-LOHxIOaPYdHlJRtCQfDIVZtfw/ufM8+rVj649RIHzcm/vGwQRXFt6OPqIFWsm2XEMrNIEtWR64sY1LEKD2vAOA==}
    engines: {node: '>=4.0.0'}
    dev: false

  /define-properties/1.1.3:
    resolution: {integrity: sha512-3MqfYKj2lLzdMSf8ZIZE/V+Zuy+BgD6f164e8K2w7dgnpKArBDerGYpM46IYYcjnkdPNMjPk9A6VFB8+3SKlXQ==}
    engines: {node: '>= 0.4'}
    dependencies:
      object-keys: 1.1.1
    dev: false

  /density-clustering/1.3.0:
    resolution: {integrity: sha1-3J9ZyPCrl+FiSsZJMP0xlIF9ysU=}
    dev: false

  /earcut/2.2.2:
    resolution: {integrity: sha512-eZoZPPJcUHnfRZ0PjLvx2qBordSiO8ofC3vt+qACLM95u+4DovnbYNpQtJh0DNsWj8RnxrQytD4WA8gj5cRIaQ==}
    dev: false

  /function-bind/1.1.1:
    resolution: {integrity: sha512-yIovAzMX49sF8Yl58fSCWJ5svSLuaibPxXQJFLmBObTuCr0Mf1KiPopGM9NiFjiYBCbfaa2Fh6breQ6ANVTI0A==}
    dev: false

  /geohash-poly/0.6.0:
    resolution: {integrity: sha512-5iMufXt61EyIzyBjR7I4I5uv6t+oO8+IihrBH8nM1OtuEpVCE2ZSTqIwp0/zTz9zFoFwZJuHRkWOSf0ZF29FiQ==}
    hasBin: true
    dependencies:
      async: 0.2.10
      geojson-area: 0.1.0
      ngeohash: 0.6.0
      point-in-polygon: 0.0.0
      rc: 1.2.8
      through2: 0.4.2
      turf-extent: 1.0.4
      turf-featurecollection: 1.0.1
      turf-intersect: 1.0.2
      turf-polygon: 1.0.3
    dev: false

  /geojson-area/0.1.0:
    resolution: {integrity: sha1-1I2AcILPrfSnjfE0m+UPOL8YlK4=}
    deprecated: 'This module is now under the @mapbox namespace: install @mapbox/geojson-area instead'
    dependencies:
      wgs84: 0.0.0
    dev: false

  /geojson-equality/0.1.6:
    resolution: {integrity: sha1-oXE3TvBD5dR5eZWEC65GSOB1LXI=}
    dependencies:
      deep-equal: 1.1.1
    dev: false

  /geojson-rbush/2.1.0:
    resolution: {integrity: sha1-O9c745H8ELCuaT2bis6iquC4Oo0=}
    dependencies:
      '@turf/helpers': 6.3.0
      '@turf/meta': 6.3.0
      rbush: 3.0.1
    dev: false

  /get-closest/0.0.4:
    resolution: {integrity: sha1-JprHdtHmAiqg/Vht1wjop9Miaa8=}
    dev: false

  /get-intrinsic/1.1.1:
    resolution: {integrity: sha512-kWZrnVM42QCiEA2Ig1bG8zjoIMOgxWwYCEeNdwY6Tv/cOSeGpcoX4pXHfKUxNKVoArnrEr2e9srnAxxGIraS9Q==}
    dependencies:
      function-bind: 1.1.1
      has: 1.0.3
      has-symbols: 1.0.2
    dev: false

  /has-symbols/1.0.2:
    resolution: {integrity: sha512-chXa79rL/UC2KlX17jo3vRGz0azaWEx5tGqZg5pO3NUyEJVB17dMruQlzCCOfUvElghKcm5194+BCRvi2Rv/Gw==}
    engines: {node: '>= 0.4'}
    dev: false

  /has/1.0.3:
    resolution: {integrity: sha512-f2dvO0VU6Oej7RkWJGrehjbzMAjFp5/VKPp5tTpWIV4JHHZK1/BxbFRtf/siA2SWTe09caDmVtYYzWEIbBS4zw==}
    engines: {node: '>= 0.4.0'}
    dependencies:
      function-bind: 1.1.1
    dev: false

  /inherits/2.0.4:
    resolution: {integrity: sha512-k/vGaX4/Yla3WzyMCvTQOXYeIHvqOKtnqBduzTHpzpQZzAskKMhZ2K+EnBiSM9zGSoIFeMpXKxa4dYeZIQqewQ==}
    dev: false

  /ini/1.3.8:
    resolution: {integrity: sha512-JV/yugV2uzW5iMRSiZAyDtQd+nxtUnjeLt0acNdw98kKLrvuRVyB80tsREOE7yvGVgalhZ6RNXCmEHkUKBKxew==}
    dev: false

  /is-arguments/1.1.0:
    resolution: {integrity: sha512-1Ij4lOMPl/xB5kBDn7I+b2ttPMKa8szhEIrXDuXQD/oe3HJLTLhqhgGspwgyGd6MOywBUqVvYicF72lkgDnIHg==}
    engines: {node: '>= 0.4'}
    dependencies:
      call-bind: 1.0.2
    dev: false

  /is-date-object/1.0.4:
    resolution: {integrity: sha512-/b4ZVsG7Z5XVtIxs/h9W8nvfLgSAyKYdtGWQLbqy6jA1icmgjf8WCoTKgeS4wy5tYaPePouzFMANbnj94c2Z+A==}
    engines: {node: '>= 0.4'}
    dev: false

  /is-regex/1.1.3:
    resolution: {integrity: sha512-qSVXFz28HM7y+IWX6vLCsexdlvzT1PJNFSBuaQLQ5o0IEw8UDYW6/2+eCMVyIsbM8CNLX2a/QWmSpyxYEHY7CQ==}
    engines: {node: '>= 0.4'}
    dependencies:
      call-bind: 1.0.2
      has-symbols: 1.0.2
    dev: false

  /isarray/0.0.1:
    resolution: {integrity: sha1-ihis/Kmo9Bd+Cav8YDiTmwXR7t8=}
    dev: false

  /javascript.util/0.10.1:
    resolution: {integrity: sha1-U6n8nqh/t/TbZHoFM57lo6SODxg=}
    engines: {node: '>= 0.6.0'}
    dev: false

  /jsts/0.13.4:
    resolution: {integrity: sha1-hu00I5hFkEAVJT+2DcmJI++42fA=}
    engines: {node: '>= 0.8.0'}
    dependencies:
      javascript.util: 0.10.1
    dev: false

  /lineclip/1.1.5:
    resolution: {integrity: sha1-K/JgZ9lDVP6r+R5CdoI221YW/RM=}
    dev: false

  /minimist/1.2.5:
    resolution: {integrity: sha512-FM9nNUYrRBAELZQT3xeZQ7fmMOBg6nWNmJKTcgsJeaLstP/UODVpGsr5OhXhhXg6f+qtJ8uiZ+PUxkDWcgIXLw==}
    dev: false

  /ngeohash/0.6.0:
    resolution: {integrity: sha1-MpcT6ec9HxpG2SqrC5StuUUz9oc=}
    engines: {node: '>=v0.2.0'}
    dev: false

  /ngeohash/0.6.3:
    resolution: {integrity: sha512-kltF0cOxgx1AbmVzKxYZaoB0aj7mOxZeHaerEtQV0YaqnkXNq26WWqMmJ6lTqShYxVRWZ/mwvvTrNeOwdslWiw==}
    engines: {node: '>=v0.2.0'}
    dev: false

  /object-assign/4.1.1:
    resolution: {integrity: sha1-IQmtx5ZYh8/AXLvUQsrIv7s2CGM=}
    engines: {node: '>=0.10.0'}
    dev: false

  /object-is/1.1.5:
    resolution: {integrity: sha512-3cyDsyHgtmi7I7DfSSI2LDp6SK2lwvtbg0p0R1e0RvTqF5ceGx+K2dfSjm1bKDMVCFEDAQvy+o8c6a7VujOddw==}
    engines: {node: '>= 0.4'}
    dependencies:
      call-bind: 1.0.2
      define-properties: 1.1.3
    dev: false

  /object-keys/0.4.0:
    resolution: {integrity: sha1-KKaq50KN0sOpLz2V8hM13SBOAzY=}
    dev: false

  /object-keys/1.1.1:
    resolution: {integrity: sha512-NuAESUOUMrlIXOfHKzD6bpPu3tYt3xvjNdRIQ+FeT0lNb4K8WR70CaDxhuNguS2XG+GjkyMwOzsN5ZktImfhLA==}
    engines: {node: '>= 0.4'}
    dev: false

  /point-in-polygon/0.0.0:
    resolution: {integrity: sha1-CRMPxc3vIY3l+b3w5sSjsuG+rlE=}
    engines: {node: '>=0.4.0'}
    dev: false

  /point-in-polygon/1.1.0:
    resolution: {integrity: sha512-3ojrFwjnnw8Q9242TzgXuTD+eKiutbzyslcq1ydfu82Db2y+Ogbmyrkpv0Hgj31qwT3lbS9+QAAO/pIQM35XRw==}
    dev: false

  /quickselect/1.1.1:
    resolution: {integrity: sha512-qN0Gqdw4c4KGPsBOQafj6yj/PA6c/L63f6CaZ/DCF/xF4Esu3jVmKLUDYxghFx8Kb/O7y9tI7x2RjTSXwdK1iQ==}
    dev: false

  /quickselect/2.0.0:
    resolution: {integrity: sha512-RKJ22hX8mHe3Y6wH/N3wCM6BWtjaxIyyUIkpHOvfFnxdI4yD4tBXEBKSbriGujF6jnSVkJrffuo6vxACiSSxIw==}
    dev: false

  /rbush/2.0.2:
    resolution: {integrity: sha512-XBOuALcTm+O/H8G90b6pzu6nX6v2zCKiFG4BJho8a+bY6AER6t8uQUZdi5bomQc0AprCWhEGa7ncAbbRap0bRA==}
    dependencies:
      quickselect: 1.1.1
    dev: false

  /rbush/3.0.1:
    resolution: {integrity: sha512-XRaVO0YecOpEuIvbhbpTrZgoiI6xBlz6hnlr6EHhd+0x9ase6EmeN+hdwwUaJvLcsFFQ8iWVF1GAK1yB0BWi0w==}
    dependencies:
      quickselect: 2.0.0
    dev: false

  /rc/1.2.8:
    resolution: {integrity: sha512-y3bGgqKj3QBdxLbLkomlohkvsA8gdAiUQlSBJnBhfn+BPxg4bc62d8TcBW15wavDfgexCgccckhcZvywyQYPOw==}
    hasBin: true
    dependencies:
      deep-extend: 0.6.0
      ini: 1.3.8
      minimist: 1.2.5
      strip-json-comments: 2.0.1
    dev: false

  /readable-stream/1.0.34:
    resolution: {integrity: sha1-Elgg40vIQtLyqq+v5MKRbuMsFXw=}
    dependencies:
      core-util-is: 1.0.2
      inherits: 2.0.4
      isarray: 0.0.1
      string_decoder: 0.10.31
    dev: false

  /regexp.prototype.flags/1.3.1:
    resolution: {integrity: sha512-JiBdRBq91WlY7uRJ0ds7R+dU02i6LKi8r3BuQhNXn+kmeLN+EfHhfjqMRis1zJxnlu88hq/4dx0P2OP3APRTOA==}
    engines: {node: '>= 0.4'}
    dependencies:
      call-bind: 1.0.2
      define-properties: 1.1.3
    dev: false

  /robust-predicates/2.0.4:
    resolution: {integrity: sha512-l4NwboJM74Ilm4VKfbAtFeGq7aEjWL+5kVFcmgFA2MrdnQWx9iE/tUGvxY5HyMI7o/WpSIUFLbC5fbeaHgSCYg==}
    dev: false

  /skmeans/0.9.7:
    resolution: {integrity: sha512-hNj1/oZ7ygsfmPZ7ZfN5MUBRoGg1gtpnImuJBgLO0ljQ67DtJuiQaiYdS4lUA6s0KCwnPhGivtC/WRwIZLkHyg==}
    dev: false

  /string_decoder/0.10.31:
    resolution: {integrity: sha1-YuIDvEF2bGwoyfyEMB2rHFMQ+pQ=}
    dev: false

  /strip-json-comments/2.0.1:
    resolution: {integrity: sha1-PFMZQukIwml8DsNEhYwobHygpgo=}
    engines: {node: '>=0.10.0'}
    dev: false

  /through2/0.4.2:
    resolution: {integrity: sha1-2/WGYDEVHsg1K7bE22SiKSqEC5s=}
    dependencies:
      readable-stream: 1.0.34
      xtend: 2.1.2
    dev: false

  /tinyqueue/2.0.3:
    resolution: {integrity: sha512-ppJZNDuKGgxzkHihX8v9v9G5f+18gzaTfrukGrq6ueg0lmH4nqVnA2IPG0AEH3jKEk2GRJCUhDoqpoiw3PHLBA==}
    dev: false

  /topojson-client/3.1.0:
    resolution: {integrity: sha512-605uxS6bcYxGXw9qi62XyrV6Q3xwbndjachmNxu8HWTtVPxZfEJN9fd/SZS1Q54Sn2y0TMyMxFj/cJINqGHrKw==}
    hasBin: true
    dependencies:
      commander: 2.20.3
    dev: false

  /topojson-server/3.0.1:
    resolution: {integrity: sha512-/VS9j/ffKr2XAOjlZ9CgyyeLmgJ9dMwq6Y0YEON8O7p/tGGk+dCWnrE03zEdu7i4L7YsFZLEPZPzCvcB7lEEXw==}
    hasBin: true
    dependencies:
      commander: 2.20.3
    dev: false

  /turf-extent/1.0.4:
    resolution: {integrity: sha1-nyjOEa+RatqIhioGIHRli6P+DwE=}
    dependencies:
      turf-meta: 1.0.2
    dev: false

  /turf-featurecollection/0.1.0:
    resolution: {integrity: sha1-DyD2WOj5x0YkkFDkNtVIP3Bt6eY=}
    dev: false

  /turf-featurecollection/1.0.1:
    resolution: {integrity: sha1-7M0c+RJBdr/G2xl8u0XW3lX3JMU=}
    dev: false

  /turf-intersect/1.0.2:
    resolution: {integrity: sha1-ehqE2D5nDD7EeXz2akHZNj7nHK0=}
    deprecated: 'Turf packages are now namespaced: please use @turf/intersect instead'
    dependencies:
      jsts: 0.13.4
      turf-featurecollection: 0.1.0
    dev: false

  /turf-jsts/1.2.3:
    resolution: {integrity: sha512-Ja03QIJlPuHt4IQ2FfGex4F4JAr8m3jpaHbFbQrgwr7s7L6U8ocrHiF3J1+wf9jzhGKxvDeaCAnGDot8OjGFyA==}
    dev: false

  /turf-meta/1.0.2:
    resolution: {integrity: sha1-dNTElZOOskdypwsxoVfuPU/Wuhs=}
    deprecated: 'Turf packages are now namespaced: please use @turf/meta instead'
    dev: false

  /turf-polygon/1.0.3:
    resolution: {integrity: sha1-Zx3TSEmGRQkoGvGOI29np0SMY2M=}
    dev: false

  /wgs84/0.0.0:
    resolution: {integrity: sha1-NP3FVZF7blfPKigu0ENxDASc3HY=}
    dev: false

  /xtend/2.1.2:
    resolution: {integrity: sha1-bv7MKk2tjmlixJAbM3znuoe10os=}
    engines: {node: '>=0.4'}
    dependencies:
      object-keys: 0.4.0
    dev: false
